
Microsoft Visual Studio Solution File, Format Version 12.00
# Visual Studio 15
VisualStudioVersion = 15.0.27703.2026
MinimumVisualStudioVersion = 10.0.40219.1
Project("{FAE04EC0-301F-11D3-BF4B-00C04F79EFBC}") = "WebApplication", "WebApplication\WebApplication.csproj", "{BD473181-04B3-4AB1-8577-7DD7107E0B4D}"
	ProjectSection(ProjectDependencies) = postProject
		{C9DB3075-811D-4769-AF0E-843DD69029FB} = {C9DB3075-811D-4769-AF0E-843DD69029FB}
	EndProjectSection
EndProject
Project("{FAE04EC0-301F-11D3-BF4B-00C04F79EFBC}") = "HandyOIDC", "HandyOIDC45\HandyOIDC.csproj", "{C9DB3075-811D-4769-AF0E-843DD69029FB}"
EndProject
Global
	GlobalSection(SolutionConfigurationPlatforms) = preSolution
		Debug|Any CPU = Debug|Any CPU
		Release|Any CPU = Release|Any CPU
	EndGlobalSection
	GlobalSection(ProjectConfigurationPlatforms) = postSolution
		{BD473181-04B3-4AB1-8577-7DD7107E0B4D}.Debug|Any CPU.ActiveCfg = Debug|Any CPU
		{BD473181-04B3-4AB1-8577-7DD7107E0B4D}.Debug|Any CPU.Build.0 = Debug|Any CPU
		{BD473181-04B3-4AB1-8577-7DD7107E0B4D}.Release|Any CPU.ActiveCfg = Release|Any CPU
		{BD473181-04B3-4AB1-8577-7DD7107E0B4D}.Release|Any CPU.Build.0 = Release|Any CPU
		{C9DB3075-811D-4769-AF0E-843DD69029FB}.Debug|Any CPU.ActiveCfg = Debug|Any CPU
		{C9DB3075-811D-4769-AF0E-843DD69029FB}.Debug|Any CPU.Build.0 = Debug|Any CPU
		{C9DB3075-811D-4769-AF0E-843DD69029FB}.Release|Any CPU.ActiveCfg = Release|Any CPU
		{C9DB3075-811D-4769-AF0E-843DD69029FB}.Release|Any CPU.Build.0 = Release|Any CPU
	EndGlobalSection
	GlobalSection(SolutionProperties) = preSolution
		HideSolutionNode = FALSE
	EndGlobalSection
	GlobalSection(ExtensibilityGlobals) = postSolution
		SolutionGuid = {40256ECA-3E81-4263-8C21-C51EE0C07EDF}
	EndGlobalSection
EndGlobal
